
Microsoft Visual Studio Solution File, Format Version 12.00
# Visual Studio 2010
Project("{FAE04EC0-301F-11D3-BF4B-00C04F79EFBC}") = "GUISynchronisationSingletonVS2010", "GUISynchronisationSingleton\GUISynchronisationSingletonVS2010.csproj", "{1EBDD22E-13A5-4B70-8C3F-3A4B49428FA4}"
EndProject
Project("{FAE04EC0-301F-11D3-BF4B-00C04F79EFBC}") = "HelpersVS2010", "Helpers\HelpersVS2010.csproj", "{4FB1BD66-A5E1-499E-83B3-E9B9EFA740F7}"
EndProject
Project("{FAE04EC0-301F-11D3-BF4B-00C04F79EFBC}") = "HelperUnitTestVS2010", "HelperUnitTest\HelperUnitTestVS2010.csproj", "{C045C611-097D-4C1E-BD5B-F42ADA02976F}"
EndProject
Project("{FAE04EC0-301F-11D3-BF4B-00C04F79EFBC}") = "RLEexperimentVS2010", "RLEexperiment\RLEexperimentVS2010.csproj", "{D886712C-560D-412E-9966-330545FEB077}"
EndProject
Project("{FAE04EC0-301F-11D3-BF4B-00C04F79EFBC}") = "UserControlLibVS2010", "UserControlLib\UserControlLibVS2010.csproj", "{06FADCA4-8753-4531-ABB8-CF8691ED2099}"
EndProject
Project("{FAE04EC0-301F-11D3-BF4B-00C04F79EFBC}") = "UserControlLibDemoVS2010", "UserControlLibDemo\UserControlLibDemoVS2010.csproj", "{BA180BC2-939F-4A19-A70F-0A52E7009301}"
EndProject
Global
	GlobalSection(SolutionConfigurationPlatforms) = preSolution
		Debug|Any CPU = Debug|Any CPU
		Release|Any CPU = Release|Any CPU
	EndGlobalSection
	GlobalSection(ProjectConfigurationPlatforms) = postSolution
		{1EBDD22E-13A5-4B70-8C3F-3A4B49428FA4}.Debug|Any CPU.ActiveCfg = Debug|Any CPU
		{1EBDD22E-13A5-4B70-8C3F-3A4B49428FA4}.Debug|Any CPU.Build.0 = Debug|Any CPU
		{1EBDD22E-13A5-4B70-8C3F-3A4B49428FA4}.Release|Any CPU.ActiveCfg = Release|Any CPU
		{1EBDD22E-13A5-4B70-8C3F-3A4B49428FA4}.Release|Any CPU.Build.0 = Release|Any CPU
		{4FB1BD66-A5E1-499E-83B3-E9B9EFA740F7}.Debug|Any CPU.ActiveCfg = Debug|Any CPU
		{4FB1BD66-A5E1-499E-83B3-E9B9EFA740F7}.Debug|Any CPU.Build.0 = Debug|Any CPU
		{4FB1BD66-A5E1-499E-83B3-E9B9EFA740F7}.Release|Any CPU.ActiveCfg = Release|Any CPU
		{4FB1BD66-A5E1-499E-83B3-E9B9EFA740F7}.Release|Any CPU.Build.0 = Release|Any CPU
		{C045C611-097D-4C1E-BD5B-F42ADA02976F}.Debug|Any CPU.ActiveCfg = Debug|Any CPU
		{C045C611-097D-4C1E-BD5B-F42ADA02976F}.Debug|Any CPU.Build.0 = Debug|Any CPU
		{C045C611-097D-4C1E-BD5B-F42ADA02976F}.Release|Any CPU.ActiveCfg = Release|Any CPU
		{C045C611-097D-4C1E-BD5B-F42ADA02976F}.Release|Any CPU.Build.0 = Release|Any CPU
		{D886712C-560D-412E-9966-330545FEB077}.Debug|Any CPU.ActiveCfg = Debug|Any CPU
		{D886712C-560D-412E-9966-330545FEB077}.Debug|Any CPU.Build.0 = Debug|Any CPU
		{D886712C-560D-412E-9966-330545FEB077}.Release|Any CPU.ActiveCfg = Release|Any CPU
		{D886712C-560D-412E-9966-330545FEB077}.Release|Any CPU.Build.0 = Release|Any CPU
		{06FADCA4-8753-4531-ABB8-CF8691ED2099}.Debug|Any CPU.ActiveCfg = Debug|Any CPU
		{06FADCA4-8753-4531-ABB8-CF8691ED2099}.Debug|Any CPU.Build.0 = Debug|Any CPU
		{06FADCA4-8753-4531-ABB8-CF8691ED2099}.Release|Any CPU.ActiveCfg = Release|Any CPU
		{06FADCA4-8753-4531-ABB8-CF8691ED2099}.Release|Any CPU.Build.0 = Release|Any CPU
		{BA180BC2-939F-4A19-A70F-0A52E7009301}.Debug|Any CPU.ActiveCfg = Debug|Any CPU
		{BA180BC2-939F-4A19-A70F-0A52E7009301}.Debug|Any CPU.Build.0 = Debug|Any CPU
		{BA180BC2-939F-4A19-A70F-0A52E7009301}.Release|Any CPU.ActiveCfg = Release|Any CPU
		{BA180BC2-939F-4A19-A70F-0A52E7009301}.Release|Any CPU.Build.0 = Release|Any CPU
	EndGlobalSection
	GlobalSection(SolutionProperties) = preSolution
		HideSolutionNode = FALSE
	EndGlobalSection
EndGlobal
